{
  "version": 4,
  "terraform_version": "1.3.7",
  "serial": 81,
  "lineage": "bae26607-a06c-72c3-e8b7-c9128c3d4e6e",
  "outputs": {
    "jenkins-ip": {
      "value": "137.184.64.164",
      "type": "string"
    }
  },
  "resources": [
    {
      "mode": "data",
      "type": "digitalocean_ssh_key",
      "name": "my-ssh-key",
      "provider": "provider[\"registry.terraform.io/digitalocean/digitalocean\"]",
      "instances": [
        {
          "schema_version": 0,
          "attributes": {
            "fingerprint": "cc:6e:58:32:0f:d4:62:de:89:65:37:44:88:f9:cc:b2",
            "id": 37375660,
            "name": "Terraform",
            "public_key": "ssh-rsa AAAAB3NzaC1yc2EAAAADAQABAAABAQDXaode2p2S3yRxaL9jUMpAi1wTcgzEra1LRNE5i5WnxMTQERONihkXtZDOqJsq+sn6B4MRxjJ8wlVSyFJUAnBo2sd4kE8CJAmtD/e4itTiiWqmEYflHqyIvHPx0o8L8cpzDbgOPMsc6M3LGM13pgvYZweBBgLeQIpFF7Eegfyua+Z0KALPF1Cs0D6wqSy6Zn+6r1qb8u/5WHtLMWS5RoIaKZaM7YpqUhJOdsUKk9wH68fPThYBtDBM9akR68RPfZ3PpLdbAb5RXPNOFZZkViODCxDL0tOzwZLn6HordjTDyBb2CvsbTQmMvlEgc1NGriQJTBDl2u3jgn2phHxh/LWr luiz@sara"
          },
          "sensitive_attributes": []
        }
      ]
    },
    {
      "mode": "managed",
      "type": "digitalocean_droplet",
      "name": "jenkins",
      "provider": "provider[\"registry.terraform.io/digitalocean/digitalocean\"]",
      "instances": [
        {
          "schema_version": 1,
          "attributes": {
            "backups": false,
            "created_at": "2023-01-28T21:52:46Z",
            "disk": 60,
            "droplet_agent": null,
            "graceful_shutdown": false,
            "id": "338025995",
            "image": "ubuntu-22-04-x64",
            "ipv4_address": "137.184.64.164",
            "ipv4_address_private": "10.116.0.2",
            "ipv6": false,
            "ipv6_address": "",
            "locked": false,
            "memory": 2048,
            "monitoring": false,
            "name": "jenkins",
            "price_hourly": 0.02679,
            "price_monthly": 18,
            "private_networking": true,
            "region": "nyc1",
            "resize_disk": true,
            "size": "s-2vcpu-2gb",
            "ssh_keys": [
              "37375660"
            ],
            "status": "active",
            "tags": [],
            "timeouts": null,
            "urn": "do:droplet:338025995",
            "user_data": null,
            "vcpus": 2,
            "volume_ids": [],
            "vpc_uuid": "27dfdeee-3148-4cc9-a868-5ea62f241da9"
          },
          "sensitive_attributes": [],
          "private": "eyJlMmJmYjczMC1lY2FhLTExZTYtOGY4OC0zNDM2M2JjN2M0YzAiOnsiY3JlYXRlIjozNjAwMDAwMDAwMDAwLCJkZWxldGUiOjYwMDAwMDAwMDAwLCJ1cGRhdGUiOjM2MDAwMDAwMDAwMDB9LCJzY2hlbWFfdmVyc2lvbiI6IjEifQ==",
          "dependencies": [
            "data.digitalocean_ssh_key.my-ssh-key"
          ]
        }
      ]
    }
  ],
  "check_results": null
}
